PODS:
  - AmityUIKit (2.0.2)

DEPENDENCIES:
  - AmityUIKit (= 2.0.2)

SPEC REPOS:
  https://github.com/EkoCommunications/EkoMessagingSDKUIKit.git:
    - AmityUIKit

SPEC CHECKSUMS:
  AmityUIKit: cf18e38128eaec816403bc292e360987e200d65f

PODFILE CHECKSUM: bc987ab2686763656a7214282496e1911b6e48aa

COCOAPODS: 1.10.1
