PODS:
  - UpstraUIKit (1.5.1)

DEPENDENCIES:
  - UpstraUIKit (= 1.5.1)

SPEC REPOS:
  https://github.com/EkoCommunications/EkoMessagingSDKUIKit.git:
    - UpstraUIKit

SPEC CHECKSUMS:
  UpstraUIKit: bcdfe4c9d17fc38fd9d06a9d73dd06b330cb13e6

PODFILE CHECKSUM: afef2e9d89ca56731eaecdf510063ed2ce66cc65

COCOAPODS: 1.9.2
