PODS:
  - UpstraUIKit (1.8.1)

DEPENDENCIES:
  - UpstraUIKit (= 1.8.1)

SPEC REPOS:
  https://github.com/EkoCommunications/EkoMessagingSDKUIKit.git:
    - UpstraUIKit

SPEC CHECKSUMS:
  UpstraUIKit: d3201c1db08209c2d0f7663e5d5fccd3c8d505ec

PODFILE CHECKSUM: c051439a7d3143e59782815f52976938be42f9e5

COCOAPODS: 1.9.3
